
Microsoft Visual Studio Solution File, Format Version 12.00
# Visual Studio Version 16
VisualStudioVersion = 16.0.29424.173
MinimumVisualStudioVersion = 10.0.40219.1
Project("{FAE04EC0-301F-11D3-BF4B-00C04F79EFBC}") = "TaskCreation", "TaskCreation.csproj", "{AD7C9A50-BE75-44ED-B764-D626738A6F19}"
EndProject
Project("{FAE04EC0-301F-11D3-BF4B-00C04F79EFBC}") = "TaskCancellation", "..\TaskCancellation\TaskCancellation.csproj", "{4093E4E8-F799-430C-8074-0DCDDA892E8F}"
EndProject
Project("{FAE04EC0-301F-11D3-BF4B-00C04F79EFBC}") = "TaskWaiting", "..\TaskWaiting\TaskWaiting.csproj", "{94FE56EC-C2F8-4EA4-A326-96F38327897D}"
EndProject
Global
	GlobalSection(SolutionConfigurationPlatforms) = preSolution
		Debug|Any CPU = Debug|Any CPU
		Release|Any CPU = Release|Any CPU
	EndGlobalSection
	GlobalSection(ProjectConfigurationPlatforms) = postSolution
		{AD7C9A50-BE75-44ED-B764-D626738A6F19}.Debug|Any CPU.ActiveCfg = Debug|Any CPU
		{AD7C9A50-BE75-44ED-B764-D626738A6F19}.Debug|Any CPU.Build.0 = Debug|Any CPU
		{AD7C9A50-BE75-44ED-B764-D626738A6F19}.Release|Any CPU.ActiveCfg = Release|Any CPU
		{AD7C9A50-BE75-44ED-B764-D626738A6F19}.Release|Any CPU.Build.0 = Release|Any CPU
		{4093E4E8-F799-430C-8074-0DCDDA892E8F}.Debug|Any CPU.ActiveCfg = Debug|Any CPU
		{4093E4E8-F799-430C-8074-0DCDDA892E8F}.Debug|Any CPU.Build.0 = Debug|Any CPU
		{4093E4E8-F799-430C-8074-0DCDDA892E8F}.Release|Any CPU.ActiveCfg = Release|Any CPU
		{4093E4E8-F799-430C-8074-0DCDDA892E8F}.Release|Any CPU.Build.0 = Release|Any CPU
		{94FE56EC-C2F8-4EA4-A326-96F38327897D}.Debug|Any CPU.ActiveCfg = Debug|Any CPU
		{94FE56EC-C2F8-4EA4-A326-96F38327897D}.Debug|Any CPU.Build.0 = Debug|Any CPU
		{94FE56EC-C2F8-4EA4-A326-96F38327897D}.Release|Any CPU.ActiveCfg = Release|Any CPU
		{94FE56EC-C2F8-4EA4-A326-96F38327897D}.Release|Any CPU.Build.0 = Release|Any CPU
	EndGlobalSection
	GlobalSection(SolutionProperties) = preSolution
		HideSolutionNode = FALSE
	EndGlobalSection
	GlobalSection(ExtensibilityGlobals) = postSolution
		SolutionGuid = {494C1F17-6E98-44B4-A9AD-740024FFA3EE}
	EndGlobalSection
EndGlobal
